PODS:
  - BCryptSwift (0.1.1)
  - CryptoSwift (0.6.9)
  - lottie-ios (1.5.1)
  - ObjcExceptionBridging (1.0.1):
    - ObjcExceptionBridging/ObjcExceptionBridging (= 1.0.1)
  - ObjcExceptionBridging/ObjcExceptionBridging (1.0.1)
  - PageMenu (2.0.0)
  - Realm (2.5.1):
    - Realm/Headers (= 2.5.1)
  - Realm/Headers (2.5.1)
  - RealmSwift (2.5.1):
    - Realm (= 2.5.1)
  - SDWebImage (3.8.2):
    - SDWebImage/Core (= 3.8.2)
  - SDWebImage/Core (3.8.2)
  - Sodium (0.3)
  - SwiftDDP (0.4.1):
    - CryptoSwift (~> 0.6.6)
    - SwiftWebSocket (~> 2.6.5)
    - XCGLogger
  - SwiftWebSocket (2.6.5)
  - SwiftyJSON (3.1.4)
  - XCGLogger (5.0.1):
    - XCGLogger/Core (= 5.0.1)
  - XCGLogger/Core (5.0.1):
    - ObjcExceptionBridging

DEPENDENCIES:
  - BCryptSwift (~> 0.1)
  - lottie-ios
  - PageMenu
  - RealmSwift
  - SDWebImage (~> 3.8)
  - Sodium (~> 0.3)
  - SwiftDDP (~> 0.4.1)
  - SwiftyJSON (~> 3.1)

SPEC CHECKSUMS:
  BCryptSwift: 7f02057564d3c20c45992cd11b3726271b67d562
  CryptoSwift: a22f6ba238e9ce4d26ee7bf45b9ed82e7122d4a0
  lottie-ios: f680a7c4cb7a567ecf258fde0f967913aff111b8
  ObjcExceptionBridging: c30e00eb3700467e695faeea30e26e18bd445001
  PageMenu: 9c38fd7e0d9ef4b1408320f55bb907bbc0e538dc
  Realm: 32f86104d37c8521f864d4274050b38ba6190733
  RealmSwift: f719e7511c902b8908593e8f143f59e47931bdb6
  SDWebImage: 098e97e6176540799c27e804c96653ee0833d13c
  Sodium: 73874dde37170731f6455aede9419a74d391dc51
  SwiftDDP: 63bcefd72c4793bf8d86004862a1adca88eb3bc9
  SwiftWebSocket: 1ef8a0efb023544643bdf480c1ec4a62b204f293
  SwiftyJSON: c2842d878f95482ffceec5709abc3d05680c0220
  XCGLogger: 0b43697155d41e4a1b15fc776f319c2141646b09

PODFILE CHECKSUM: 68d11f05d374fb3018281b8b1cbc9334443bbad4

COCOAPODS: 1.2.0
